
Microsoft Visual Studio Solution File, Format Version 12.00
# Visual Studio 15
VisualStudioVersion = 15.0.26124.0
MinimumVisualStudioVersion = 15.0.26124.0
Project("{2150E333-8FDC-42A3-9474-1A3956D46DE8}") = "Domain", "Domain", "{84EB731E-2830-4B7C-9F86-D63598EEBD79}"
EndProject
Project("{FAE04EC0-301F-11D3-BF4B-00C04F79EFBC}") = "ShopCar.Domain", "Domain\ShopCar.Domain\ShopCar.Domain.csproj", "{E7A9F5AA-B6B8-409F-BB8F-44162E17B1F8}"
EndProject
Project("{2150E333-8FDC-42A3-9474-1A3956D46DE8}") = "Infra", "Infra", "{D8795000-5A39-4872-97B0-50605535EEA6}"
EndProject
Project("{FAE04EC0-301F-11D3-BF4B-00C04F79EFBC}") = "ShopCar.Infra.Data", "Infra\ShopCar.Infra.Data\ShopCar.Infra.Data.csproj", "{47CF0F23-7D59-405A-AF1B-DD994F8CEBF8}"
EndProject
Project("{FAE04EC0-301F-11D3-BF4B-00C04F79EFBC}") = "ShopCar.Infra.DI", "Infra\ShopCar.Infra.DI\ShopCar.Infra.DI.csproj", "{7515F6F4-6E31-4F6F-BCE9-CA5959B40B3F}"
EndProject
Project("{2150E333-8FDC-42A3-9474-1A3956D46DE8}") = "Service", "Service", "{E5698C6B-BD11-402F-986C-D11D9977AA5C}"
EndProject
Project("{FAE04EC0-301F-11D3-BF4B-00C04F79EFBC}") = "ShopCar.Service", "Service\ShopCar.Service\ShopCar.Service.csproj", "{DC1F68B2-78F9-4DB2-A1A2-C8667B80FAB2}"
EndProject
Project("{2150E333-8FDC-42A3-9474-1A3956D46DE8}") = "UI", "UI", "{AA444627-62A2-4D3D-A612-ED63F02EBCD3}"
EndProject
Project("{FAE04EC0-301F-11D3-BF4B-00C04F79EFBC}") = "ShopCar.UI", "UI\ShopCar.UI\ShopCar.UI.csproj", "{27E9BF16-8C0C-4F07-A6AD-6166EBAFEAB2}"
EndProject
Global
	GlobalSection(SolutionConfigurationPlatforms) = preSolution
		Debug|Any CPU = Debug|Any CPU
		Debug|x64 = Debug|x64
		Debug|x86 = Debug|x86
		Release|Any CPU = Release|Any CPU
		Release|x64 = Release|x64
		Release|x86 = Release|x86
	EndGlobalSection
	GlobalSection(SolutionProperties) = preSolution
		HideSolutionNode = FALSE
	EndGlobalSection
	GlobalSection(ProjectConfigurationPlatforms) = postSolution
		{E7A9F5AA-B6B8-409F-BB8F-44162E17B1F8}.Debug|Any CPU.ActiveCfg = Debug|Any CPU
		{E7A9F5AA-B6B8-409F-BB8F-44162E17B1F8}.Debug|Any CPU.Build.0 = Debug|Any CPU
		{E7A9F5AA-B6B8-409F-BB8F-44162E17B1F8}.Debug|x64.ActiveCfg = Debug|Any CPU
		{E7A9F5AA-B6B8-409F-BB8F-44162E17B1F8}.Debug|x64.Build.0 = Debug|Any CPU
		{E7A9F5AA-B6B8-409F-BB8F-44162E17B1F8}.Debug|x86.ActiveCfg = Debug|Any CPU
		{E7A9F5AA-B6B8-409F-BB8F-44162E17B1F8}.Debug|x86.Build.0 = Debug|Any CPU
		{E7A9F5AA-B6B8-409F-BB8F-44162E17B1F8}.Release|Any CPU.ActiveCfg = Release|Any CPU
		{E7A9F5AA-B6B8-409F-BB8F-44162E17B1F8}.Release|Any CPU.Build.0 = Release|Any CPU
		{E7A9F5AA-B6B8-409F-BB8F-44162E17B1F8}.Release|x64.ActiveCfg = Release|Any CPU
		{E7A9F5AA-B6B8-409F-BB8F-44162E17B1F8}.Release|x64.Build.0 = Release|Any CPU
		{E7A9F5AA-B6B8-409F-BB8F-44162E17B1F8}.Release|x86.ActiveCfg = Release|Any CPU
		{E7A9F5AA-B6B8-409F-BB8F-44162E17B1F8}.Release|x86.Build.0 = Release|Any CPU
		{47CF0F23-7D59-405A-AF1B-DD994F8CEBF8}.Debug|Any CPU.ActiveCfg = Debug|Any CPU
		{47CF0F23-7D59-405A-AF1B-DD994F8CEBF8}.Debug|Any CPU.Build.0 = Debug|Any CPU
		{47CF0F23-7D59-405A-AF1B-DD994F8CEBF8}.Debug|x64.ActiveCfg = Debug|Any CPU
		{47CF0F23-7D59-405A-AF1B-DD994F8CEBF8}.Debug|x64.Build.0 = Debug|Any CPU
		{47CF0F23-7D59-405A-AF1B-DD994F8CEBF8}.Debug|x86.ActiveCfg = Debug|Any CPU
		{47CF0F23-7D59-405A-AF1B-DD994F8CEBF8}.Debug|x86.Build.0 = Debug|Any CPU
		{47CF0F23-7D59-405A-AF1B-DD994F8CEBF8}.Release|Any CPU.ActiveCfg = Release|Any CPU
		{47CF0F23-7D59-405A-AF1B-DD994F8CEBF8}.Release|Any CPU.Build.0 = Release|Any CPU
		{47CF0F23-7D59-405A-AF1B-DD994F8CEBF8}.Release|x64.ActiveCfg = Release|Any CPU
		{47CF0F23-7D59-405A-AF1B-DD994F8CEBF8}.Release|x64.Build.0 = Release|Any CPU
		{47CF0F23-7D59-405A-AF1B-DD994F8CEBF8}.Release|x86.ActiveCfg = Release|Any CPU
		{47CF0F23-7D59-405A-AF1B-DD994F8CEBF8}.Release|x86.Build.0 = Release|Any CPU
		{7515F6F4-6E31-4F6F-BCE9-CA5959B40B3F}.Debug|Any CPU.ActiveCfg = Debug|Any CPU
		{7515F6F4-6E31-4F6F-BCE9-CA5959B40B3F}.Debug|Any CPU.Build.0 = Debug|Any CPU
		{7515F6F4-6E31-4F6F-BCE9-CA5959B40B3F}.Debug|x64.ActiveCfg = Debug|Any CPU
		{7515F6F4-6E31-4F6F-BCE9-CA5959B40B3F}.Debug|x64.Build.0 = Debug|Any CPU
		{7515F6F4-6E31-4F6F-BCE9-CA5959B40B3F}.Debug|x86.ActiveCfg = Debug|Any CPU
		{7515F6F4-6E31-4F6F-BCE9-CA5959B40B3F}.Debug|x86.Build.0 = Debug|Any CPU
		{7515F6F4-6E31-4F6F-BCE9-CA5959B40B3F}.Release|Any CPU.ActiveCfg = Release|Any CPU
		{7515F6F4-6E31-4F6F-BCE9-CA5959B40B3F}.Release|Any CPU.Build.0 = Release|Any CPU
		{7515F6F4-6E31-4F6F-BCE9-CA5959B40B3F}.Release|x64.ActiveCfg = Release|Any CPU
		{7515F6F4-6E31-4F6F-BCE9-CA5959B40B3F}.Release|x64.Build.0 = Release|Any CPU
		{7515F6F4-6E31-4F6F-BCE9-CA5959B40B3F}.Release|x86.ActiveCfg = Release|Any CPU
		{7515F6F4-6E31-4F6F-BCE9-CA5959B40B3F}.Release|x86.Build.0 = Release|Any CPU
		{DC1F68B2-78F9-4DB2-A1A2-C8667B80FAB2}.Debug|Any CPU.ActiveCfg = Debug|Any CPU
		{DC1F68B2-78F9-4DB2-A1A2-C8667B80FAB2}.Debug|Any CPU.Build.0 = Debug|Any CPU
		{DC1F68B2-78F9-4DB2-A1A2-C8667B80FAB2}.Debug|x64.ActiveCfg = Debug|Any CPU
		{DC1F68B2-78F9-4DB2-A1A2-C8667B80FAB2}.Debug|x64.Build.0 = Debug|Any CPU
		{DC1F68B2-78F9-4DB2-A1A2-C8667B80FAB2}.Debug|x86.ActiveCfg = Debug|Any CPU
		{DC1F68B2-78F9-4DB2-A1A2-C8667B80FAB2}.Debug|x86.Build.0 = Debug|Any CPU
		{DC1F68B2-78F9-4DB2-A1A2-C8667B80FAB2}.Release|Any CPU.ActiveCfg = Release|Any CPU
		{DC1F68B2-78F9-4DB2-A1A2-C8667B80FAB2}.Release|Any CPU.Build.0 = Release|Any CPU
		{DC1F68B2-78F9-4DB2-A1A2-C8667B80FAB2}.Release|x64.ActiveCfg = Release|Any CPU
		{DC1F68B2-78F9-4DB2-A1A2-C8667B80FAB2}.Release|x64.Build.0 = Release|Any CPU
		{DC1F68B2-78F9-4DB2-A1A2-C8667B80FAB2}.Release|x86.ActiveCfg = Release|Any CPU
		{DC1F68B2-78F9-4DB2-A1A2-C8667B80FAB2}.Release|x86.Build.0 = Release|Any CPU
		{27E9BF16-8C0C-4F07-A6AD-6166EBAFEAB2}.Debug|Any CPU.ActiveCfg = Debug|Any CPU
		{27E9BF16-8C0C-4F07-A6AD-6166EBAFEAB2}.Debug|Any CPU.Build.0 = Debug|Any CPU
		{27E9BF16-8C0C-4F07-A6AD-6166EBAFEAB2}.Debug|x64.ActiveCfg = Debug|Any CPU
		{27E9BF16-8C0C-4F07-A6AD-6166EBAFEAB2}.Debug|x64.Build.0 = Debug|Any CPU
		{27E9BF16-8C0C-4F07-A6AD-6166EBAFEAB2}.Debug|x86.ActiveCfg = Debug|Any CPU
		{27E9BF16-8C0C-4F07-A6AD-6166EBAFEAB2}.Debug|x86.Build.0 = Debug|Any CPU
		{27E9BF16-8C0C-4F07-A6AD-6166EBAFEAB2}.Release|Any CPU.ActiveCfg = Release|Any CPU
		{27E9BF16-8C0C-4F07-A6AD-6166EBAFEAB2}.Release|Any CPU.Build.0 = Release|Any CPU
		{27E9BF16-8C0C-4F07-A6AD-6166EBAFEAB2}.Release|x64.ActiveCfg = Release|Any CPU
		{27E9BF16-8C0C-4F07-A6AD-6166EBAFEAB2}.Release|x64.Build.0 = Release|Any CPU
		{27E9BF16-8C0C-4F07-A6AD-6166EBAFEAB2}.Release|x86.ActiveCfg = Release|Any CPU
		{27E9BF16-8C0C-4F07-A6AD-6166EBAFEAB2}.Release|x86.Build.0 = Release|Any CPU
	EndGlobalSection
	GlobalSection(NestedProjects) = preSolution
		{E7A9F5AA-B6B8-409F-BB8F-44162E17B1F8} = {84EB731E-2830-4B7C-9F86-D63598EEBD79}
		{47CF0F23-7D59-405A-AF1B-DD994F8CEBF8} = {D8795000-5A39-4872-97B0-50605535EEA6}
		{7515F6F4-6E31-4F6F-BCE9-CA5959B40B3F} = {D8795000-5A39-4872-97B0-50605535EEA6}
		{DC1F68B2-78F9-4DB2-A1A2-C8667B80FAB2} = {E5698C6B-BD11-402F-986C-D11D9977AA5C}
		{27E9BF16-8C0C-4F07-A6AD-6166EBAFEAB2} = {AA444627-62A2-4D3D-A612-ED63F02EBCD3}
	EndGlobalSection
EndGlobal
